
Microsoft Visual Studio Solution File, Format Version 12.00
# Visual Studio Version 17
VisualStudioVersion = 17.2.32630.192
MinimumVisualStudioVersion = 10.0.40219.1
Project("{FAE04EC0-301F-11D3-BF4B-00C04F79EFBC}") = "LAB1", "LAB1.csproj", "{348822E7-A5D5-4C93-B76E-E82FC51AA580}"
EndProject
Project("{FAE04EC0-301F-11D3-BF4B-00C04F79EFBC}") = "tiendalibery", "..\tiendalibery\tiendalibery.csproj", "{AEFFF435-A74B-4A0C-A2C4-0AB8813F8F12}"
EndProject
Global
	GlobalSection(SolutionConfigurationPlatforms) = preSolution
		Debug|Any CPU = Debug|Any CPU
		Release|Any CPU = Release|Any CPU
	EndGlobalSection
	GlobalSection(ProjectConfigurationPlatforms) = postSolution
		{348822E7-A5D5-4C93-B76E-E82FC51AA580}.Debug|Any CPU.ActiveCfg = Debug|Any CPU
		{348822E7-A5D5-4C93-B76E-E82FC51AA580}.Debug|Any CPU.Build.0 = Debug|Any CPU
		{348822E7-A5D5-4C93-B76E-E82FC51AA580}.Release|Any CPU.ActiveCfg = Release|Any CPU
		{348822E7-A5D5-4C93-B76E-E82FC51AA580}.Release|Any CPU.Build.0 = Release|Any CPU
		{AEFFF435-A74B-4A0C-A2C4-0AB8813F8F12}.Debug|Any CPU.ActiveCfg = Debug|Any CPU
		{AEFFF435-A74B-4A0C-A2C4-0AB8813F8F12}.Debug|Any CPU.Build.0 = Debug|Any CPU
		{AEFFF435-A74B-4A0C-A2C4-0AB8813F8F12}.Release|Any CPU.ActiveCfg = Release|Any CPU
		{AEFFF435-A74B-4A0C-A2C4-0AB8813F8F12}.Release|Any CPU.Build.0 = Release|Any CPU
	EndGlobalSection
	GlobalSection(SolutionProperties) = preSolution
		HideSolutionNode = FALSE
	EndGlobalSection
	GlobalSection(ExtensibilityGlobals) = postSolution
		SolutionGuid = {9F6BA48E-8B9E-4CE0-A4A7-101320DA033D}
	EndGlobalSection
EndGlobal
